Microsoft Visual Studio Solution File, Format Version 8.00
Project("{FAE04EC0-301F-11D3-BF4B-00C04F79EFBC}") = "UseCaseMaker", "UseCaseMaker\UseCaseMaker.csproj", "{EC53BDAF-DAA0-4739-872B-2D3CC8B77B03}"
	ProjectSection(ProjectDependencies) = postProject
	EndProjectSection
EndProject
Project("{FAE04EC0-301F-11D3-BF4B-00C04F79EFBC}") = "UseCaseMakerControls", "UseCaseMakerControls\UseCaseMakerControls.csproj", "{08BAF1B1-10D0-4426-BC09-C56C98AA5A6A}"
	ProjectSection(ProjectDependencies) = postProject
	EndProjectSection
EndProject
Project("{FAE04EC0-301F-11D3-BF4B-00C04F79EFBC}") = "UseCaseMakerLibrary", "UseCaseMakerLibrary\UseCaseMakerLibrary.csproj", "{2706309F-76DA-4C66-8E78-8165D570B166}"
	ProjectSection(ProjectDependencies) = postProject
	EndProjectSection
EndProject
Global
	GlobalSection(SolutionConfiguration) = preSolution
		Debug = Debug
		Release = Release
	EndGlobalSection
	GlobalSection(ProjectConfiguration) = postSolution
		{EC53BDAF-DAA0-4739-872B-2D3CC8B77B03}.Debug.ActiveCfg = Debug|.NET
		{EC53BDAF-DAA0-4739-872B-2D3CC8B77B03}.Debug.Build.0 = Debug|.NET
		{EC53BDAF-DAA0-4739-872B-2D3CC8B77B03}.Release.ActiveCfg = Release|.NET
		{EC53BDAF-DAA0-4739-872B-2D3CC8B77B03}.Release.Build.0 = Release|.NET
		{08BAF1B1-10D0-4426-BC09-C56C98AA5A6A}.Debug.ActiveCfg = Debug|.NET
		{08BAF1B1-10D0-4426-BC09-C56C98AA5A6A}.Debug.Build.0 = Debug|.NET
		{08BAF1B1-10D0-4426-BC09-C56C98AA5A6A}.Release.ActiveCfg = Release|.NET
		{08BAF1B1-10D0-4426-BC09-C56C98AA5A6A}.Release.Build.0 = Release|.NET
		{2706309F-76DA-4C66-8E78-8165D570B166}.Debug.ActiveCfg = Debug|.NET
		{2706309F-76DA-4C66-8E78-8165D570B166}.Debug.Build.0 = Debug|.NET
		{2706309F-76DA-4C66-8E78-8165D570B166}.Release.ActiveCfg = Release|.NET
		{2706309F-76DA-4C66-8E78-8165D570B166}.Release.Build.0 = Release|.NET
	EndGlobalSection
	GlobalSection(ExtensibilityGlobals) = postSolution
	EndGlobalSection
	GlobalSection(ExtensibilityAddIns) = postSolution
	EndGlobalSection
EndGlobal
