Microsoft Visual Studio Solution File, Format Version 11.00
# Visual Studio 2010
Project("{FAE04EC0-301F-11D3-BF4B-00C04F79EFBC}") = "UseCaseMaker", "UseCaseMaker\UseCaseMaker.csproj", "{EC53BDAF-DAA0-4739-872B-2D3CC8B77B03}"
EndProject
Project("{FAE04EC0-301F-11D3-BF4B-00C04F79EFBC}") = "UseCaseMakerControls", "UseCaseMakerControls\UseCaseMakerControls.csproj", "{08BAF1B1-10D0-4426-BC09-C56C98AA5A6A}"
EndProject
Project("{FAE04EC0-301F-11D3-BF4B-00C04F79EFBC}") = "UseCaseMakerLibrary", "UseCaseMakerLibrary\UseCaseMakerLibrary.csproj", "{2706309F-76DA-4C66-8E78-8165D570B166}"
EndProject
Project("{FAE04EC0-301F-11D3-BF4B-00C04F79EFBC}") = "UseCaseMakerLibrary.Tests", "UseCaseMakerLibrary.Tests\UseCaseMakerLibrary.Tests.csproj", "{1443E1E0-371C-40F5-A11B-E6D7D6E5B848}"
EndProject
Project("{FAE04EC0-301F-11D3-BF4B-00C04F79EFBC}") = "UseCaseMaker.Ioc", "UseCaseMaker.Ioc\UseCaseMaker.Ioc.csproj", "{D47A22B3-1B70-4031-92F3-8FA40B09C927}"
EndProject
Project("{FAE04EC0-301F-11D3-BF4B-00C04F79EFBC}") = "UseCaseMaker.Ioc.Tests", "UseCaseMaker.Ioc.Tests\UseCaseMaker.Ioc.Tests.csproj", "{8133220A-BD76-4B5C-A154-2C4E1CCC66E0}"
EndProject
Global
	GlobalSection(SolutionConfigurationPlatforms) = preSolution
		Debug|Any CPU = Debug|Any CPU
		Release|Any CPU = Release|Any CPU
	EndGlobalSection
	GlobalSection(ProjectConfigurationPlatforms) = postSolution
		{EC53BDAF-DAA0-4739-872B-2D3CC8B77B03}.Debug|Any CPU.ActiveCfg = Debug|Any CPU
		{EC53BDAF-DAA0-4739-872B-2D3CC8B77B03}.Debug|Any CPU.Build.0 = Debug|Any CPU
		{EC53BDAF-DAA0-4739-872B-2D3CC8B77B03}.Release|Any CPU.ActiveCfg = Release|Any CPU
		{EC53BDAF-DAA0-4739-872B-2D3CC8B77B03}.Release|Any CPU.Build.0 = Release|Any CPU
		{08BAF1B1-10D0-4426-BC09-C56C98AA5A6A}.Debug|Any CPU.ActiveCfg = Debug|Any CPU
		{08BAF1B1-10D0-4426-BC09-C56C98AA5A6A}.Debug|Any CPU.Build.0 = Debug|Any CPU
		{08BAF1B1-10D0-4426-BC09-C56C98AA5A6A}.Release|Any CPU.ActiveCfg = Release|Any CPU
		{08BAF1B1-10D0-4426-BC09-C56C98AA5A6A}.Release|Any CPU.Build.0 = Release|Any CPU
		{2706309F-76DA-4C66-8E78-8165D570B166}.Debug|Any CPU.ActiveCfg = Debug|Any CPU
		{2706309F-76DA-4C66-8E78-8165D570B166}.Debug|Any CPU.Build.0 = Debug|Any CPU
		{2706309F-76DA-4C66-8E78-8165D570B166}.Release|Any CPU.ActiveCfg = Release|Any CPU
		{2706309F-76DA-4C66-8E78-8165D570B166}.Release|Any CPU.Build.0 = Release|Any CPU
		{1443E1E0-371C-40F5-A11B-E6D7D6E5B848}.Debug|Any CPU.ActiveCfg = Debug|Any CPU
		{1443E1E0-371C-40F5-A11B-E6D7D6E5B848}.Debug|Any CPU.Build.0 = Debug|Any CPU
		{1443E1E0-371C-40F5-A11B-E6D7D6E5B848}.Release|Any CPU.ActiveCfg = Release|Any CPU
		{1443E1E0-371C-40F5-A11B-E6D7D6E5B848}.Release|Any CPU.Build.0 = Release|Any CPU
		{D47A22B3-1B70-4031-92F3-8FA40B09C927}.Debug|Any CPU.ActiveCfg = Debug|Any CPU
		{D47A22B3-1B70-4031-92F3-8FA40B09C927}.Debug|Any CPU.Build.0 = Debug|Any CPU
		{D47A22B3-1B70-4031-92F3-8FA40B09C927}.Release|Any CPU.ActiveCfg = Release|Any CPU
		{D47A22B3-1B70-4031-92F3-8FA40B09C927}.Release|Any CPU.Build.0 = Release|Any CPU
		{8133220A-BD76-4B5C-A154-2C4E1CCC66E0}.Debug|Any CPU.ActiveCfg = Debug|Any CPU
		{8133220A-BD76-4B5C-A154-2C4E1CCC66E0}.Debug|Any CPU.Build.0 = Debug|Any CPU
		{8133220A-BD76-4B5C-A154-2C4E1CCC66E0}.Release|Any CPU.ActiveCfg = Release|Any CPU
		{8133220A-BD76-4B5C-A154-2C4E1CCC66E0}.Release|Any CPU.Build.0 = Release|Any CPU
	EndGlobalSection
	GlobalSection(SolutionProperties) = preSolution
		HideSolutionNode = FALSE
	EndGlobalSection
EndGlobal
